// !$*UTF8*$!
{
	archiveVersion = 1;
	classes = {
	};
	objectVersion = 77;
	objects = {

/* Begin PBXContainerItemProxy section */
		B06B10072E7870E90074A43A /* PBXContainerItemProxy */ = {
			isa = PBXContainerItemProxy;
			containerPortal = B06B0FF12E7870E40074A43A /* Project object */;
			proxyType = 1;
			remoteGlobalIDString = B06B0FF82E7870E40074A43A;
			remoteInfo = Froth;
		};
		B06B10112E7870E90074A43A /* PBXContainerItemProxy */ = {
			isa = PBXContainerItemProxy;
			containerPortal = B06B0FF12E7870E40074A43A /* Project object */;
			proxyType = 1;
			remoteGlobalIDString = B06B0FF82E7870E40074A43A;
			remoteInfo = Froth;
		};
/* End PBXContainerItemProxy section */

/* Begin PBXFileReference section */
		B06B0FF92E7870E40074A43A /* Froth.app */ = {isa = PBXFileReference; explicitFileType = wrapper.application; includeInIndex = 0; path = Froth.app; sourceTree = BUILT_PRODUCTS_DIR; };
		B06B10062E7870E90074A43A /* FrothTests.xctest */ = {isa = PBXFileReference; explicitFileType = wrapper.cfbundle; includeInIndex = 0; path = FrothTests.xctest; sourceTree = BUILT_PRODUCTS_DIR; };
		B06B10102E7870E90074A43A /* FrothUITests.xctest */ = {isa = PBXFileReference; explicitFileType = wrapper.cfbundle; includeInIndex = 0; path = FrothUITests.xctest; sourceTree = BUILT_PRODUCTS_DIR; };
/* End PBXFileReference section */

/* Begin PBXFileSystemSynchronizedBuildFileExceptionSet section */
		B06B10232E7873FF0074A43A /* Exceptions for "FrothUITests" folder in "FrothTests" target */ = {
			isa = PBXFileSystemSynchronizedBuildFileExceptionSet;
			membershipExceptions = (
				FrothTests.swift,
			);
			target = B06B10052E7870E90074A43A /* FrothTests */;
		};
		B06B10242E7873FF0074A43A /* Exceptions for "FrothUITests" folder in "FrothUITests" target */ = {
			isa = PBXFileSystemSynchronizedBuildFileExceptionSet;
			membershipExceptions = (
				FrothTests.swift,
			);
			target = B06B100F2E7870E90074A43A /* FrothUITests */;
		};
/* End PBXFileSystemSynchronizedBuildFileExceptionSet section */

/* Begin PBXFileSystemSynchronizedRootGroup section */
		B06B0FFB2E7870E40074A43A /* Froth */ = {
			isa = PBXFileSystemSynchronizedRootGroup;
			path = Froth;
			sourceTree = "<group>";
		};
		B06B10092E7870E90074A43A /* FrothTests */ = {
			isa = PBXFileSystemSynchronizedRootGroup;
			path = FrothTests;
			sourceTree = "<group>";
		};
		B06B10132E7870E90074A43A /* FrothUITests */ = {
			isa = PBXFileSystemSynchronizedRootGroup;
			exceptions = (
				B06B10232E7873FF0074A43A /* Exceptions for "FrothUITests" folder in "FrothTests" target */,
				B06B10242E7873FF0074A43A /* Exceptions for "FrothUITests" folder in "FrothUITests" target */,
			);
			path = FrothUITests;
			sourceTree = "<group>";
		};
/* End PBXFileSystemSynchronizedRootGroup section */

/* Begin PBXFrameworksBuildPhase section */
		B06B0FF62E7870E40074A43A /* Frameworks */ = {
			isa = PBXFrameworksBuildPhase;
			buildActionMask = 2147483647;
			files = (
			);
			runOnlyForDeploymentPostprocessing = 0;
		};
		B06B10032E7870E90074A43A /* Frameworks */ = {
			isa = PBXFrameworksBuildPhase;
			buildActionMask = 2147483647;
			files = (
			);
			runOnlyForDeploymentPostprocessing = 0;
		};
		B06B100D2E7870E90074A43A /* Frameworks */ = {
			isa = PBXFrameworksBuildPhase;
			buildActionMask = 2147483647;
			files = (
			);
			runOnlyForDeploymentPostprocessing = 0;
		};
/* End PBXFrameworksBuildPhase section */

/* Begin PBXGroup section */
		B06B0FF02E7870E40074A43A = {
			isa = PBXGroup;
			children = (
				B06B0FFB2E7870E40074A43A /* Froth */,
				B06B10092E7870E90074A43A /* FrothTests */,
				B06B10132E7870E90074A43A /* FrothUITests */,
				B06B0FFA2E7870E40074A43A /* Products */,
			);
			sourceTree = "<group>";
		};
		B06B0FFA2E7870E40074A43A /* Products */ = {
			isa = PBXGroup;
			children = (
				B06B0FF92E7870E40074A43A /* Froth.app */,
				B06B10062E7870E90074A43A /* FrothTests.xctest */,
				B06B10102E7870E90074A43A /* FrothUITests.xctest */,
			);
			name = Products;
			sourceTree = "<group>";
		};
/* End PBXGroup section */

/* Begin PBXNativeTarget section */
		B06B0FF82E7870E40074A43A /* Froth */ = {
			isa = PBXNativeTarget;
			buildConfigurationList = B06B101A2E7870E90074A43A /* Build configuration list for PBXNativeTarget "Froth" */;
			buildPhases = (
				B06B0FF52E7870E40074A43A /* Sources */,
				B06B0FF62E7870E40074A43A /* Frameworks */,
				B06B0FF72E7870E40074A43A /* Resources */,
			);
			buildRules = (
			);
			dependencies = (
			);
			fileSystemSynchronizedGroups = (
				B06B0FFB2E7870E40074A43A /* Froth */,
			);
			name = Froth;
			packageProductDependencies = (
			);
			productName = Froth;
			productReference = B06B0FF92E7870E40074A43A /* Froth.app */;
			productType = "com.apple.product-type.application";
		};
		B06B10052E7870E90074A43A /* FrothTests */ = {
			isa = PBXNativeTarget;
			buildConfigurationList = B06B101D2E7870E90074A43A /* Build configuration list for PBXNativeTarget "FrothTests" */;
			buildPhases = (
				B06B10022E7870E90074A43A /* Sources */,
				B06B10032E7870E90074A43A /* Frameworks */,
				B06B10042E7870E90074A43A /* Resources */,
			);
			buildRules = (
			);
			dependencies = (
				B06B10082E7870E90074A43A /* PBXTargetDependency */,
			);
			fileSystemSynchronizedGroups = (
				B06B10092E7870E90074A43A /* FrothTests */,
			);
			name = FrothTests;
			packageProductDependencies = (
			);
			productName = FrothTests;
			productReference = B06B10062E7870E90074A43A /* FrothTests.xctest */;
			productType = "com.apple.product-type.bundle.unit-test";
		};
		B06B100F2E7870E90074A43A /* FrothUITests */ = {
			isa = PBXNativeTarget;
			buildConfigurationList = B06B10202E7870E90074A43A /* Build configuration list for PBXNativeTarget "FrothUITests" */;
			buildPhases = (
				B06B100C2E7870E90074A43A /* Sources */,
				B06B100D2E7870E90074A43A /* Frameworks */,
				B06B100E2E7870E90074A43A /* Resources */,
			);
			buildRules = (
			);
			dependencies = (
				B06B10122E7870E90074A43A /* PBXTargetDependency */,
			);
			fileSystemSynchronizedGroups = (
				B06B10132E7870E90074A43A /* FrothUITests */,
			);
			name = FrothUITests;
			packageProductDependencies = (
			);
			productName = FrothUITests;
			productReference = B06B10102E7870E90074A43A /* FrothUITests.xctest */;
			productType = "com.apple.product-type.bundle.ui-testing";
		};
/* End PBXNativeTarget section */

/* Begin PBXProject section */
		B06B0FF12E7870E40074A43A /* Project object */ = {
			isa = PBXProject;
			attributes = {
				BuildIndependentTargetsInParallel = 1;
				LastSwiftUpdateCheck = 1640;
				LastUpgradeCheck = 1640;
				TargetAttributes = {
					B06B0FF82E7870E40074A43A = {
						CreatedOnToolsVersion = 16.4;
					};
					B06B10052E7870E90074A43A = {
						CreatedOnToolsVersion = 16.4;
						TestTargetID = B06B0FF82E7870E40074A43A;
					};
					B06B100F2E7870E90074A43A = {
						CreatedOnToolsVersion = 16.4;
						TestTargetID = B06B0FF82E7870E40074A43A;
					};
				};
			};
			buildConfigurationList = B06B0FF42E7870E40074A43A /* Build configuration list for PBXProject "Froth" */;
			developmentRegion = en;
			hasScannedForEncodings = 0;
			knownRegions = (
				en,
				Base,
			);
			mainGroup = B06B0FF02E7870E40074A43A;
			minimizedProjectReferenceProxies = 1;
			preferredProjectObjectVersion = 77;
			productRefGroup = B06B0FFA2E7870E40074A43A /* Products */;
			projectDirPath = "";
			projectRoot = "";
			targets = (
				B06B0FF82E7870E40074A43A /* Froth */,
				B06B10052E7870E90074A43A /* FrothTests */,
				B06B100F2E7870E90074A43A /* FrothUITests */,
			);
		};
/* End PBXProject section */

/* Begin PBXResourcesBuildPhase section */
		B06B0FF72E7870E40074A43A /* Resources */ = {
			isa = PBXResourcesBuildPhase;
			buildActionMask = 2147483647;
			files = (
			);
			runOnlyForDeploymentPostprocessing = 0;
		};
		B06B10042E7870E90074A43A /* Resources */ = {
			isa = PBXResourcesBuildPhase;
			buildActionMask = 2147483647;
			files = (
			);
			runOnlyForDeploymentPostprocessing = 0;
		};
		B06B100E2E7870E90074A43A /* Resources */ = {
			isa = PBXResourcesBuildPhase;
			buildActionMask = 2147483647;
			files = (
			);
			runOnlyForDeploymentPostprocessing = 0;
		};
/* End PBXResourcesBuildPhase section */

/* Begin PBXSourcesBuildPhase section */
		B06B0FF52E7870E40074A43A /* Sources */ = {
			isa = PBXSourcesBuildPhase;
			buildActionMask = 2147483647;
			files = (
			);
			runOnlyForDeploymentPostprocessing = 0;
		};
		B06B10022E7870E90074A43A /* Sources */ = {
			isa = PBXSourcesBuildPhase;
			buildActionMask = 2147483647;
			files = (
			);
			runOnlyForDeploymentPostprocessing = 0;
		};
		B06B100C2E7870E90074A43A /* Sources */ = {
			isa = PBXSourcesBuildPhase;
			buildActionMask = 2147483647;
			files = (
			);
			runOnlyForDeploymentPostprocessing = 0;
		};
/* End PBXSourcesBuildPhase section */

/* Begin PBXTargetDependency section */
		B06B10082E7870E90074A43A /* PBXTargetDependency */ = {
			isa = PBXTargetDependency;
			target = B06B0FF82E7870E40074A43A /* Froth */;
			targetProxy = B06B10072E7870E90074A43A /* PBXContainerItemProxy */;
		};
		B06B10122E7870E90074A43A /* PBXTargetDependency */ = {
			isa = PBXTargetDependency;
			target = B06B0FF82E7870E40074A43A /* Froth */;
			targetProxy = B06B10112E7870E90074A43A /* PBXContainerItemProxy */;
		};
/* End PBXTargetDependency section */

/* Begin XCBuildConfiguration section */
		B06B10182E7870E90074A43A /* Debug */ = {
			isa = XCBuildConfiguration;
			buildSettings = {
				ALWAYS_SEARCH_USER_PATHS = NO;
				ASSETCATALOG_COMPILER_GENERATE_SWIFT_ASSET_SYMBOL_EXTENSIONS = YES;
				CLANG_ANALYZER_NONNULL = YES;
				CLANG_ANALYZER_NUMBER_OBJECT_CONVERSION = YES_AGGRESSIVE;
				CLANG_CXX_LANGUAGE_STANDARD = "gnu++20";
				CLANG_ENABLE_MODULES = YES;
				CLANG_ENABLE_OBJC_ARC = YES;
				CLANG_ENABLE_OBJC_WEAK = YES;
				CLANG_WARN_BLOCK_CAPTURE_AUTORELEASING = YES;
				CLANG_WARN_BOOL_CONVERSION = YES;
				CLANG_WARN_COMMA = YES;
				CLANG_WARN_CONSTANT_CONVERSION = YES;
				CLANG_WARN_DEPRECATED_OBJC_IMPLEMENTATIONS = YES;
				CLANG_WARN_DIRECT_OBJC_ISA_USAGE = YES_ERROR;
				CLANG_WARN_DOCUMENTATION_COMMENTS = YES;
				CLANG_WARN_EMPTY_BODY = YES;
				CLANG_WARN_ENUM_CONVERSION = YES;
				CLANG_WARN_INFINITE_RECURSION = YES;
				CLANG_WARN_INT_CONVERSION = YES;
				CLANG_WARN_NON_LITERAL_NULL_CONVERSION = YES;
				CLANG_WARN_OBJC_IMPLICIT_RETAIN_SELF = YES;
				CLANG_WARN_OBJC_LITERAL_CONVERSION = YES;
				CLANG_WARN_OBJC_ROOT_CLASS = YES_ERROR;
				CLANG_WARN_QUOTED_INCLUDE_IN_FRAMEWORK_HEADER = YES;
				CLANG_WARN_RANGE_LOOP_ANALYSIS = YES;
				CLANG_WARN_STRICT_PROTOTYPES = YES;
				CLANG_WARN_SUSPICIOUS_MOVE = YES;
				CLANG_WARN_UNGUARDED_AVAILABILITY = YES_AGGRESSIVE;
				CLANG_WARN_UNREACHABLE_CODE = YES;
				CLANG_WARN__DUPLICATE_METHOD_MATCH = YES;
				COPY_PHASE_STRIP = NO;
				DEBUG_INFORMATION_FORMAT = dwarf;
				ENABLE_STRICT_OBJC_MSGSEND = YES;
				ENABLE_TESTABILITY = YES;
				ENABLE_USER_SCRIPT_SANDBOXING = YES;
				GCC_C_LANGUAGE_STANDARD = gnu17;
				GCC_DYNAMIC_NO_PIC = NO;
				GCC_NO_COMMON_BLOCKS = YES;
				GCC_OPTIMIZATION_LEVEL = 0;
				GCC_PREPROCESSOR_DEFINITIONS = (
					"DEBUG=1",
					"$(inherited)",
				);
				GCC_WARN_64_TO_32_BIT_CONVERSION = YES;
				GCC_WARN_ABOUT_RETURN_TYPE = YES_ERROR;
				GCC_WARN_UNDECLARED_SELECTOR = YES;
				GCC_WARN_UNINITIALIZED_AUTOS = YES_AGGRESSIVE;
				GCC_WARN_UNUSED_FUNCTION = YES;
				GCC_WARN_UNUSED_VARIABLE = YES;
				IPHONEOS_DEPLOYMENT_TARGET = 18.5;
				LOCALIZATION_PREFERS_STRING_CATALOGS = YES;
				MTL_ENABLE_DEBUG_INFO = INCLUDE_SOURCE;
				MTL_FAST_MATH = YES;
				ONLY_ACTIVE_ARCH = YES;
				SDKROOT = iphoneos;
				SWIFT_ACTIVE_COMPILATION_CONDITIONS = "DEBUG $(inherited)";
				SWIFT_OPTIMIZATION_LEVEL = "-Onone";
			};
			name = Debug;
		};
		B06B10192E7870E90074A43A /* Release */ = {
			isa = XCBuildConfiguration;
			buildSettings = {
				ALWAYS_SEARCH_USER_PATHS = NO;
				ASSETCATALOG_COMPILER_GENERATE_SWIFT_ASSET_SYMBOL_EXTENSIONS = YES;
				CLANG_ANALYZER_NONNULL = YES;
				CLANG_ANALYZER_NUMBER_OBJECT_CONVERSION = YES_AGGRESSIVE;
				CLANG_CXX_LANGUAGE_STANDARD = "gnu++20";
				CLANG_ENABLE_MODULES = YES;
				CLANG_ENABLE_OBJC_ARC = YES;
				CLANG_ENABLE_OBJC_WEAK = YES;
				CLANG_WARN_BLOCK_CAPTURE_AUTORELEASING = YES;
				CLANG_WARN_BOOL_CONVERSION = YES;
				CLANG_WARN_COMMA = YES;
				CLANG_WARN_CONSTANT_CONVERSION = YES;
				CLANG_WARN_DEPRECATED_OBJC_IMPLEMENTATIONS = YES;
				CLANG_WARN_DIRECT_OBJC_ISA_USAGE = YES_ERROR;
				CLANG_WARN_DOCUMENTATION_COMMENTS = YES;
				CLANG_WARN_EMPTY_BODY = YES;
				CLANG_WARN_ENUM_CONVERSION = YES;
				CLANG_WARN_INFINITE_RECURSION = YES;
				CLANG_WARN_INT_CONVERSION = YES;
				CLANG_WARN_NON_LITERAL_NULL_CONVERSION = YES;
				CLANG_WARN_OBJC_IMPLICIT_RETAIN_SELF = YES;
				CLANG_WARN_OBJC_LITERAL_CONVERSION = YES;
				CLANG_WARN_OBJC_ROOT_CLASS = YES_ERROR;
				CLANG_WARN_QUOTED_INCLUDE_IN_FRAMEWORK_HEADER = YES;
				CLANG_WARN_RANGE_LOOP_ANALYSIS = YES;
				CLANG_WARN_STRICT_PROTOTYPES = YES;
				CLANG_WARN_SUSPICIOUS_MOVE = YES;
				CLANG_WARN_UNGUARDED_AVAILABILITY = YES_AGGRESSIVE;
				CLANG_WARN_UNREACHABLE_CODE = YES;
				CLANG_WARN__DUPLICATE_METHOD_MATCH = YES;
				COPY_PHASE_STRIP = NO;
				DEBUG_INFORMATION_FORMAT = "dwarf-with-dsym";
				ENABLE_NS_ASSERTIONS = NO;
				ENABLE_STRICT_OBJC_MSGSEND = YES;
				ENABLE_USER_SCRIPT_SANDBOXING = YES;
				GCC_C_LANGUAGE_STANDARD = gnu17;
				GCC_NO_COMMON_BLOCKS = YES;
				GCC_WARN_64_TO_32_BIT_CONVERSION = YES;
				GCC_WARN_ABOUT_RETURN_TYPE = YES_ERROR;
				GCC_WARN_UNDECLARED_SELECTOR = YES;
				GCC_WARN_UNINITIALIZED_AUTOS = YES_AGGRESSIVE;
				GCC_WARN_UNUSED_FUNCTION = YES;
				GCC_WARN_UNUSED_VARIABLE = YES;
				IPHONEOS_DEPLOYMENT_TARGET = 18.5;
				LOCALIZATION_PREFERS_STRING_CATALOGS = YES;
				MTL_ENABLE_DEBUG_INFO = NO;
				MTL_FAST_MATH = YES;
				SDKROOT = iphoneos;
				SWIFT_COMPILATION_MODE = wholemodule;
				VALIDATE_PRODUCT = YES;
			};
			name = Release;
		};
		B06B101B2E7870E90074A43A /* Debug */ = {
			isa = XCBuildConfiguration;
			buildSettings = {
				ASSETCATALOG_COMPILER_APPICON_NAME = AppIcon;
				ASSETCATALOG_COMPILER_GLOBAL_ACCENT_COLOR_NAME = AccentColor;
				CODE_SIGN_STYLE = Automatic;
				CURRENT_PROJECT_VERSION = 1;
				ENABLE_PREVIEWS = YES;
				GENERATE_INFOPLIST_FILE = YES;
				INFOPLIST_KEY_UIApplicationSceneManifest_Generation = YES;
				INFOPLIST_KEY_UIApplicationSupportsIndirectInputEvents = YES;
				INFOPLIST_KEY_UILaunchScreen_Generation = YES;
				INFOPLIST_KEY_UISupportedInterfaceOrientations_iPad = "UIInterfaceOrientationPortrait UIInterfaceOrientationPortraitUpsideDown UIInterfaceOrientationLandscapeLeft UIInterfaceOrientationLandscapeRight";
				INFOPLIST_KEY_UISupportedInterfaceOrientations_iPhone = "UIInterfaceOrientationPortrait UIInterfaceOrientationLandscapeLeft UIInterfaceOrientationLandscapeRight";
				LD_RUNPATH_SEARCH_PATHS = (
					"$(inherited)",
					"@executable_path/Frameworks",
				);
				MARKETING_VERSION = 1.0;
				PRODUCT_BUNDLE_IDENTIFIER = com.viren.Froth;
				PRODUCT_NAME = "$(TARGET_NAME)";
				SWIFT_EMIT_LOC_STRINGS = YES;
				SWIFT_VERSION = 5.0;
				TARGETED_DEVICE_FAMILY = "1,2";
			};
			name = Debug;
		};
		B06B101C2E7870E90074A43A /* Release */ = {
			isa = XCBuildConfiguration;
			buildSettings = {
				ASSETCATALOG_COMPILER_APPICON_NAME = AppIcon;
				ASSETCATALOG_COMPILER_GLOBAL_ACCENT_COLOR_NAME = AccentColor;
				CODE_SIGN_STYLE = Automatic;
				CURRENT_PROJECT_VERSION = 1;
				ENABLE_PREVIEWS = YES;
				GENERATE_INFOPLIST_FILE = YES;
				INFOPLIST_KEY_UIApplicationSceneManifest_Generation = YES;
				INFOPLIST_KEY_UIApplicationSupportsIndirectInputEvents = YES;
				INFOPLIST_KEY_UILaunchScreen_Generation = YES;
				INFOPLIST_KEY_UISupportedInterfaceOrientations_iPad = "UIInterfaceOrientationPortrait UIInterfaceOrientationPortraitUpsideDown UIInterfaceOrientationLandscapeLeft UIInterfaceOrientationLandscapeRight";
				INFOPLIST_KEY_UISupportedInterfaceOrientations_iPhone = "UIInterfaceOrientationPortrait UIInterfaceOrientationLandscapeLeft UIInterfaceOrientationLandscapeRight";
				LD_RUNPATH_SEARCH_PATHS = (
					"$(inherited)",
					"@executable_path/Frameworks",
				);
				MARKETING_VERSION = 1.0;
				PRODUCT_BUNDLE_IDENTIFIER = com.viren.Froth;
				PRODUCT_NAME = "$(TARGET_NAME)";
				SWIFT_EMIT_LOC_STRINGS = YES;
				SWIFT_VERSION = 5.0;
				TARGETED_DEVICE_FAMILY = "1,2";
			};
			name = Release;
		};
		B06B101E2E7870E90074A43A /* Debug */ = {
			isa = XCBuildConfiguration;
			buildSettings = {
				BUNDLE_LOADER = "$(TEST_HOST)";
				CODE_SIGN_STYLE = Automatic;
				CURRENT_PROJECT_VERSION = 1;
				GENERATE_INFOPLIST_FILE = YES;
				IPHONEOS_DEPLOYMENT_TARGET = 18.5;
				MARKETING_VERSION = 1.0;
				PRODUCT_BUNDLE_IDENTIFIER = com.viren.FrothTests;
				PRODUCT_NAME = "$(TARGET_NAME)";
				SWIFT_EMIT_LOC_STRINGS = NO;
				SWIFT_VERSION = 5.0;
				TARGETED_DEVICE_FAMILY = "1,2";
				TEST_HOST = "$(BUILT_PRODUCTS_DIR)/Froth.app/$(BUNDLE_EXECUTABLE_FOLDER_PATH)/Froth";
			};
			name = Debug;
		};
		B06B101F2E7870E90074A43A /* Release */ = {
			isa = XCBuildConfiguration;
			buildSettings = {
				BUNDLE_LOADER = "$(TEST_HOST)";
				CODE_SIGN_STYLE = Automatic;
				CURRENT_PROJECT_VERSION = 1;
				GENERATE_INFOPLIST_FILE = YES;
				IPHONEOS_DEPLOYMENT_TARGET = 18.5;
				MARKETING_VERSION = 1.0;
				PRODUCT_BUNDLE_IDENTIFIER = com.viren.FrothTests;
				PRODUCT_NAME = "$(TARGET_NAME)";
				SWIFT_EMIT_LOC_STRINGS = NO;
				SWIFT_VERSION = 5.0;
				TARGETED_DEVICE_FAMILY = "1,2";
				TEST_HOST = "$(BUILT_PRODUCTS_DIR)/Froth.app/$(BUNDLE_EXECUTABLE_FOLDER_PATH)/Froth";
			};
			name = Release;
		};
		B06B10212E7870E90074A43A /* Debug */ = {
			isa = XCBuildConfiguration;
			buildSettings = {
				CODE_SIGN_STYLE = Automatic;
				CURRENT_PROJECT_VERSION = 1;
				GENERATE_INFOPLIST_FILE = YES;
				MARKETING_VERSION = 1.0;
				PRODUCT_BUNDLE_IDENTIFIER = com.viren.FrothUITests;
				PRODUCT_NAME = "$(TARGET_NAME)";
				SWIFT_EMIT_LOC_STRINGS = NO;
				SWIFT_VERSION = 5.0;
				TARGETED_DEVICE_FAMILY = "1,2";
				TEST_TARGET_NAME = Froth;
			};
			name = Debug;
		};
		B06B10222E7870E90074A43A /* Release */ = {
			isa = XCBuildConfiguration;
			buildSettings = {
				CODE_SIGN_STYLE = Automatic;
				CURRENT_PROJECT_VERSION = 1;
				GENERATE_INFOPLIST_FILE = YES;
				MARKETING_VERSION = 1.0;
				PRODUCT_BUNDLE_IDENTIFIER = com.viren.FrothUITests;
				PRODUCT_NAME = "$(TARGET_NAME)";
				SWIFT_EMIT_LOC_STRINGS = NO;
				SWIFT_VERSION = 5.0;
				TARGETED_DEVICE_FAMILY = "1,2";
				TEST_TARGET_NAME = Froth;
			};
			name = Release;
		};
/* End XCBuildConfiguration section */

/* Begin XCConfigurationList section */
		B06B0FF42E7870E40074A43A /* Build configuration list for PBXProject "Froth" */ = {
			isa = XCConfigurationList;
			buildConfigurations = (
				B06B10182E7870E90074A43A /* Debug */,
				B06B10192E7870E90074A43A /* Release */,
			);
			defaultConfigurationIsVisible = 0;
			defaultConfigurationName = Release;
		};
		B06B101A2E7870E90074A43A /* Build configuration list for PBXNativeTarget "Froth" */ = {
			isa = XCConfigurationList;
			buildConfigurations = (
				B06B101B2E7870E90074A43A /* Debug */,
				B06B101C2E7870E90074A43A /* Release */,
			);
			defaultConfigurationIsVisible = 0;
			defaultConfigurationName = Release;
		};
		B06B101D2E7870E90074A43A /* Build configuration list for PBXNativeTarget "FrothTests" */ = {
			isa = XCConfigurationList;
			buildConfigurations = (
				B06B101E2E7870E90074A43A /* Debug */,
				B06B101F2E7870E90074A43A /* Release */,
			);
			defaultConfigurationIsVisible = 0;
			defaultConfigurationName = Release;
		};
		B06B10202E7870E90074A43A /* Build configuration list for PBXNativeTarget "FrothUITests" */ = {
			isa = XCConfigurationList;
			buildConfigurations = (
				B06B10212E7870E90074A43A /* Debug */,
				B06B10222E7870E90074A43A /* Release */,
			);
			defaultConfigurationIsVisible = 0;
			defaultConfigurationName = Release;
		};
/* End XCConfigurationList section */
	};
	rootObject = B06B0FF12E7870E40074A43A /* Project object */;
}
